
Microsoft Visual Studio Solution File, Format Version 12.00
# Visual Studio Version 17
VisualStudioVersion = 17.9.34622.214
MinimumVisualStudioVersion = 10.0.40219.1
Project("{9A19103F-16F7-4668-BE54-9A1E7A4F7556}") = "PhotoGalleryApp", "PhotoGalleryApp\PhotoGalleryApp.csproj", "{915426A5-71C4-4CD4-9B3F-BA5D37B69E40}"
EndProject
Project("{9A19103F-16F7-4668-BE54-9A1E7A4F7556}") = "BLL", "BLL\BLL.csproj", "{4C1FE908-7FDE-4676-A34B-C4D15A7C99F8}"
EndProject
Global
	GlobalSection(SolutionConfigurationPlatforms) = preSolution
		Debug|Any CPU = Debug|Any CPU
		Release|Any CPU = Release|Any CPU
	EndGlobalSection
	GlobalSection(ProjectConfigurationPlatforms) = postSolution
		{915426A5-71C4-4CD4-9B3F-BA5D37B69E40}.Debug|Any CPU.ActiveCfg = Debug|Any CPU
		{915426A5-71C4-4CD4-9B3F-BA5D37B69E40}.Debug|Any CPU.Build.0 = Debug|Any CPU
		{915426A5-71C4-4CD4-9B3F-BA5D37B69E40}.Release|Any CPU.ActiveCfg = Release|Any CPU
		{915426A5-71C4-4CD4-9B3F-BA5D37B69E40}.Release|Any CPU.Build.0 = Release|Any CPU
		{4C1FE908-7FDE-4676-A34B-C4D15A7C99F8}.Debug|Any CPU.ActiveCfg = Debug|Any CPU
		{4C1FE908-7FDE-4676-A34B-C4D15A7C99F8}.Debug|Any CPU.Build.0 = Debug|Any CPU
		{4C1FE908-7FDE-4676-A34B-C4D15A7C99F8}.Release|Any CPU.ActiveCfg = Release|Any CPU
		{4C1FE908-7FDE-4676-A34B-C4D15A7C99F8}.Release|Any CPU.Build.0 = Release|Any CPU
	EndGlobalSection
	GlobalSection(SolutionProperties) = preSolution
		HideSolutionNode = FALSE
	EndGlobalSection
	GlobalSection(ExtensibilityGlobals) = postSolution
		SolutionGuid = {E6B78CB9-D643-4789-ABC0-7D80DD6742F4}
	EndGlobalSection
EndGlobal
